{
    "version": 3,
    "terraform_version": "0.11.8",
    "serial": 2,
    "lineage": "3a941916-8fce-4b6e-8090-23af5d6fdcdf",
    "modules": [
        {
            "path": [
                "root"
            ],
            "outputs": {},
            "resources": {
                "aws_subnet.subnet_az1_private": {
                    "type": "aws_subnet",
                    "depends_on": [
                        "aws_vpc.mainVPC"
                    ],
                    "primary": {
                        "id": "subnet-0409516de83b6b50f",
                        "attributes": {
                            "arn": "arn:aws:ec2:eu-west-1:103916516489:subnet/subnet-0409516de83b6b50f",
                            "assign_ipv6_address_on_creation": "false",
                            "availability_zone": "eu-west-1a",
                            "cidr_block": "10.0.2.0/24",
                            "id": "subnet-0409516de83b6b50f",
                            "map_public_ip_on_launch": "false",
                            "tags.%": "1",
                            "tags.Name": "subnet_az1_private",
                            "vpc_id": "vpc-024061da1bc8ccbf6"
                        },
                        "meta": {
                            "schema_version": "1"
                        },
                        "tainted": false
                    },
                    "deposed": [],
                    "provider": "provider.aws"
                },
                "aws_subnet.subnet_az1_public": {
                    "type": "aws_subnet",
                    "depends_on": [
                        "aws_vpc.mainVPC"
                    ],
                    "primary": {
                        "id": "subnet-0e60db7ff32ab279d",
                        "attributes": {
                            "arn": "arn:aws:ec2:eu-west-1:103916516489:subnet/subnet-0e60db7ff32ab279d",
                            "assign_ipv6_address_on_creation": "false",
                            "availability_zone": "eu-west-1a",
                            "cidr_block": "10.0.1.0/24",
                            "id": "subnet-0e60db7ff32ab279d",
                            "map_public_ip_on_launch": "false",
                            "tags.%": "1",
                            "tags.Name": "subnet_az1_public",
                            "vpc_id": "vpc-024061da1bc8ccbf6"
                        },
                        "meta": {
                            "schema_version": "1"
                        },
                        "tainted": false
                    },
                    "deposed": [],
                    "provider": "provider.aws"
                },
                "aws_subnet.subnet_az2_private": {
                    "type": "aws_subnet",
                    "depends_on": [
                        "aws_vpc.mainVPC"
                    ],
                    "primary": {
                        "id": "subnet-0714c60afff2bc678",
                        "attributes": {
                            "arn": "arn:aws:ec2:eu-west-1:103916516489:subnet/subnet-0714c60afff2bc678",
                            "assign_ipv6_address_on_creation": "false",
                            "availability_zone": "eu-west-1b",
                            "cidr_block": "10.0.4.0/24",
                            "id": "subnet-0714c60afff2bc678",
                            "map_public_ip_on_launch": "false",
                            "tags.%": "1",
                            "tags.Name": "subnet_az2_private",
                            "vpc_id": "vpc-024061da1bc8ccbf6"
                        },
                        "meta": {
                            "schema_version": "1"
                        },
                        "tainted": false
                    },
                    "deposed": [],
                    "provider": "provider.aws"
                },
                "aws_subnet.subnet_az2_public": {
                    "type": "aws_subnet",
                    "depends_on": [
                        "aws_vpc.mainVPC"
                    ],
                    "primary": {
                        "id": "subnet-0a9e25639c9455585",
                        "attributes": {
                            "arn": "arn:aws:ec2:eu-west-1:103916516489:subnet/subnet-0a9e25639c9455585",
                            "assign_ipv6_address_on_creation": "false",
                            "availability_zone": "eu-west-1b",
                            "cidr_block": "10.0.3.0/24",
                            "id": "subnet-0a9e25639c9455585",
                            "map_public_ip_on_launch": "false",
                            "tags.%": "1",
                            "tags.Name": "subnet_az2_public",
                            "vpc_id": "vpc-024061da1bc8ccbf6"
                        },
                        "meta": {
                            "schema_version": "1"
                        },
                        "tainted": false
                    },
                    "deposed": [],
                    "provider": "provider.aws"
                },
                "aws_vpc.mainVPC": {
                    "type": "aws_vpc",
                    "depends_on": [],
                    "primary": {
                        "id": "vpc-024061da1bc8ccbf6",
                        "attributes": {
                            "arn": "arn:aws:ec2:eu-west-1:103916516489:vpc/vpc-024061da1bc8ccbf6",
                            "assign_generated_ipv6_cidr_block": "false",
                            "cidr_block": "10.0.0.0/16",
                            "default_network_acl_id": "acl-02affc78bb0e5c0eb",
                            "default_route_table_id": "rtb-01d545d69aba6997b",
                            "default_security_group_id": "sg-04b92e294bfd4cdb3",
                            "dhcp_options_id": "dopt-9c8610fa",
                            "enable_classiclink": "false",
                            "enable_classiclink_dns_support": "false",
                            "enable_dns_hostnames": "false",
                            "enable_dns_support": "true",
                            "id": "vpc-024061da1bc8ccbf6",
                            "instance_tenancy": "default",
                            "main_route_table_id": "rtb-01d545d69aba6997b",
                            "tags.%": "1",
                            "tags.Name": "Mama's Bakery VPC"
                        },
                        "meta": {
                            "schema_version": "1"
                        },
                        "tainted": false
                    },
                    "deposed": [],
                    "provider": "provider.aws"
                }
            },
            "depends_on": []
        }
    ]
}
